// !$*UTF8*$!
{
	archiveVersion = 1;
	classes = {
	};
	objectVersion = 50;
	objects = {

/* Begin PBXBuildFile section */
		5B43062B2544996C004BDC4F /* FeedCustomCollectionViewCell.m in Sources */ = {isa = PBXBuildFile; fileRef = 5B43062A2544996C004BDC4F /* FeedCustomCollectionViewCell.m */; };
		5B43062E2544AA92004BDC4F /* LazyLoadingUIImageView.m in Sources */ = {isa = PBXBuildFile; fileRef = 5B43062D2544AA92004BDC4F /* LazyLoadingUIImageView.m */; };
		5B430635254655AD004BDC4F /* DetailsViewController.m in Sources */ = {isa = PBXBuildFile; fileRef = 5B430634254655AD004BDC4F /* DetailsViewController.m */; };
		5BDDC29825426A910005C9C6 /* AppDelegate.m in Sources */ = {isa = PBXBuildFile; fileRef = 5BDDC29725426A910005C9C6 /* AppDelegate.m */; };
		5BDDC29B25426A910005C9C6 /* SceneDelegate.m in Sources */ = {isa = PBXBuildFile; fileRef = 5BDDC29A25426A910005C9C6 /* SceneDelegate.m */; };
		5BDDC29E25426A910005C9C6 /* ViewController.m in Sources */ = {isa = PBXBuildFile; fileRef = 5BDDC29D25426A910005C9C6 /* ViewController.m */; };
		5BDDC2A325426A940005C9C6 /* Assets.xcassets in Resources */ = {isa = PBXBuildFile; fileRef = 5BDDC2A225426A940005C9C6 /* Assets.xcassets */; };
		5BDDC2A625426A940005C9C6 /* LaunchScreen.storyboard in Resources */ = {isa = PBXBuildFile; fileRef = 5BDDC2A425426A940005C9C6 /* LaunchScreen.storyboard */; };
		5BDDC2A925426A940005C9C6 /* main.m in Sources */ = {isa = PBXBuildFile; fileRef = 5BDDC2A825426A940005C9C6 /* main.m */; };
		5BDDC2B325426A940005C9C6 /* PersonalCapitalChallengeTests.m in Sources */ = {isa = PBXBuildFile; fileRef = 5BDDC2B225426A940005C9C6 /* PersonalCapitalChallengeTests.m */; };
		5BDDC2BE25426B3C0005C9C6 /* placeholder.png in Resources */ = {isa = PBXBuildFile; fileRef = 5BDDC2BD25426B3C0005C9C6 /* placeholder.png */; };
		5BDDC2C125426EC00005C9C6 /* FeedModel.m in Sources */ = {isa = PBXBuildFile; fileRef = 5BDDC2C025426EC00005C9C6 /* FeedModel.m */; };
		5BDDC2C82542761D0005C9C6 /* ItemModel.m in Sources */ = {isa = PBXBuildFile; fileRef = 5BDDC2C72542761D0005C9C6 /* ItemModel.m */; };
		5BEC89B5254690380090CAE8 /* NSString+CheckNull.m in Sources */ = {isa = PBXBuildFile; fileRef = 5BEC89B4254690380090CAE8 /* NSString+CheckNull.m */; };
/* End PBXBuildFile section */

/* Begin PBXContainerItemProxy section */
		5BDDC2AF25426A940005C9C6 /* PBXContainerItemProxy */ = {
			isa = PBXContainerItemProxy;
			containerPortal = 5BDDC28B25426A910005C9C6 /* Project object */;
			proxyType = 1;
			remoteGlobalIDString = 5BDDC29225426A910005C9C6;
			remoteInfo = PersonalCapitalChallenge;
		};
/* End PBXContainerItemProxy section */

/* Begin PBXFileReference section */
		5B4306292544996C004BDC4F /* FeedCustomCollectionViewCell.h */ = {isa = PBXFileReference; lastKnownFileType = sourcecode.c.h; path = FeedCustomCollectionViewCell.h; sourceTree = "<group>"; };
		5B43062A2544996C004BDC4F /* FeedCustomCollectionViewCell.m */ = {isa = PBXFileReference; lastKnownFileType = sourcecode.c.objc; path = FeedCustomCollectionViewCell.m; sourceTree = "<group>"; };
		5B43062C2544AA92004BDC4F /* LazyLoadingUIImageView.h */ = {isa = PBXFileReference; lastKnownFileType = sourcecode.c.h; path = LazyLoadingUIImageView.h; sourceTree = "<group>"; };
		5B43062D2544AA92004BDC4F /* LazyLoadingUIImageView.m */ = {isa = PBXFileReference; lastKnownFileType = sourcecode.c.objc; path = LazyLoadingUIImageView.m; sourceTree = "<group>"; };
		5B430633254655AD004BDC4F /* DetailsViewController.h */ = {isa = PBXFileReference; lastKnownFileType = sourcecode.c.h; path = DetailsViewController.h; sourceTree = "<group>"; };
		5B430634254655AD004BDC4F /* DetailsViewController.m */ = {isa = PBXFileReference; lastKnownFileType = sourcecode.c.objc; path = DetailsViewController.m; sourceTree = "<group>"; };
		5BDDC29325426A910005C9C6 /* PersonalCapitalChallenge.app */ = {isa = PBXFileReference; explicitFileType = wrapper.application; includeInIndex = 0; path = PersonalCapitalChallenge.app; sourceTree = BUILT_PRODUCTS_DIR; };
		5BDDC29625426A910005C9C6 /* AppDelegate.h */ = {isa = PBXFileReference; lastKnownFileType = sourcecode.c.h; path = AppDelegate.h; sourceTree = "<group>"; };
		5BDDC29725426A910005C9C6 /* AppDelegate.m */ = {isa = PBXFileReference; lastKnownFileType = sourcecode.c.objc; path = AppDelegate.m; sourceTree = "<group>"; };
		5BDDC29925426A910005C9C6 /* SceneDelegate.h */ = {isa = PBXFileReference; lastKnownFileType = sourcecode.c.h; path = SceneDelegate.h; sourceTree = "<group>"; };
		5BDDC29A25426A910005C9C6 /* SceneDelegate.m */ = {isa = PBXFileReference; lastKnownFileType = sourcecode.c.objc; path = SceneDelegate.m; sourceTree = "<group>"; };
		5BDDC29C25426A910005C9C6 /* ViewController.h */ = {isa = PBXFileReference; lastKnownFileType = sourcecode.c.h; path = ViewController.h; sourceTree = "<group>"; };
		5BDDC29D25426A910005C9C6 /* ViewController.m */ = {isa = PBXFileReference; lastKnownFileType = sourcecode.c.objc; path = ViewController.m; sourceTree = "<group>"; };
		5BDDC2A225426A940005C9C6 /* Assets.xcassets */ = {isa = PBXFileReference; lastKnownFileType = folder.assetcatalog; path = Assets.xcassets; sourceTree = "<group>"; };
		5BDDC2A525426A940005C9C6 /* Base */ = {isa = PBXFileReference; lastKnownFileType = file.storyboard; name = Base; path = Base.lproj/LaunchScreen.storyboard; sourceTree = "<group>"; };
		5BDDC2A725426A940005C9C6 /* Info.plist */ = {isa = PBXFileReference; lastKnownFileType = text.plist.xml; path = Info.plist; sourceTree = "<group>"; };
		5BDDC2A825426A940005C9C6 /* main.m */ = {isa = PBXFileReference; lastKnownFileType = sourcecode.c.objc; path = main.m; sourceTree = "<group>"; };
		5BDDC2AE25426A940005C9C6 /* PersonalCapitalChallengeTests.xctest */ = {isa = PBXFileReference; explicitFileType = wrapper.cfbundle; includeInIndex = 0; path = PersonalCapitalChallengeTests.xctest; sourceTree = BUILT_PRODUCTS_DIR; };
		5BDDC2B225426A940005C9C6 /* PersonalCapitalChallengeTests.m */ = {isa = PBXFileReference; lastKnownFileType = sourcecode.c.objc; path = PersonalCapitalChallengeTests.m; sourceTree = "<group>"; };
		5BDDC2B425426A940005C9C6 /* Info.plist */ = {isa = PBXFileReference; lastKnownFileType = text.plist.xml; path = Info.plist; sourceTree = "<group>"; };
		5BDDC2BD25426B3C0005C9C6 /* placeholder.png */ = {isa = PBXFileReference; lastKnownFileType = image.png; path = placeholder.png; sourceTree = "<group>"; };
		5BDDC2BF25426EC00005C9C6 /* FeedModel.h */ = {isa = PBXFileReference; lastKnownFileType = sourcecode.c.h; path = FeedModel.h; sourceTree = "<group>"; };
		5BDDC2C025426EC00005C9C6 /* FeedModel.m */ = {isa = PBXFileReference; lastKnownFileType = sourcecode.c.objc; path = FeedModel.m; sourceTree = "<group>"; };
		5BDDC2C62542761D0005C9C6 /* ItemModel.h */ = {isa = PBXFileReference; lastKnownFileType = sourcecode.c.h; path = ItemModel.h; sourceTree = "<group>"; };
		5BDDC2C72542761D0005C9C6 /* ItemModel.m */ = {isa = PBXFileReference; lastKnownFileType = sourcecode.c.objc; path = ItemModel.m; sourceTree = "<group>"; };
		5BEC89B3254690380090CAE8 /* NSString+CheckNull.h */ = {isa = PBXFileReference; lastKnownFileType = sourcecode.c.h; path = "NSString+CheckNull.h"; sourceTree = "<group>"; };
		5BEC89B4254690380090CAE8 /* NSString+CheckNull.m */ = {isa = PBXFileReference; lastKnownFileType = sourcecode.c.objc; path = "NSString+CheckNull.m"; sourceTree = "<group>"; };
/* End PBXFileReference section */

/* Begin PBXFrameworksBuildPhase section */
		5BDDC29025426A910005C9C6 /* Frameworks */ = {
			isa = PBXFrameworksBuildPhase;
			buildActionMask = 2147483647;
			files = (
			);
			runOnlyForDeploymentPostprocessing = 0;
		};
		5BDDC2AB25426A940005C9C6 /* Frameworks */ = {
			isa = PBXFrameworksBuildPhase;
			buildActionMask = 2147483647;
			files = (
			);
			runOnlyForDeploymentPostprocessing = 0;
		};
/* End PBXFrameworksBuildPhase section */

/* Begin PBXGroup section */
		5B430639254655EE004BDC4F /* Controllers */ = {
			isa = PBXGroup;
			children = (
				5B43063E254656A4004BDC4F /* First View */,
				5B43063F254656B2004BDC4F /* Detail View */,
			);
			path = Controllers;
			sourceTree = "<group>";
		};
		5B43063A25465618004BDC4F /* App Delegate */ = {
			isa = PBXGroup;
			children = (
				5BDDC29625426A910005C9C6 /* AppDelegate.h */,
				5BDDC29725426A910005C9C6 /* AppDelegate.m */,
				5BDDC29925426A910005C9C6 /* SceneDelegate.h */,
				5BDDC29A25426A910005C9C6 /* SceneDelegate.m */,
			);
			path = "App Delegate";
			sourceTree = "<group>";
		};
		5B43063B2546563B004BDC4F /* Custom Class */ = {
			isa = PBXGroup;
			children = (
				5B43063C2546564D004BDC4F /* Collection Cell */,
			);
			path = "Custom Class";
			sourceTree = "<group>";
		};
		5B43063C2546564D004BDC4F /* Collection Cell */ = {
			isa = PBXGroup;
			children = (
				5B4306292544996C004BDC4F /* FeedCustomCollectionViewCell.h */,
				5B43062A2544996C004BDC4F /* FeedCustomCollectionViewCell.m */,
			);
			path = "Collection Cell";
			sourceTree = "<group>";
		};
		5B43063D25465660004BDC4F /* Helper Classs */ = {
			isa = PBXGroup;
			children = (
				5B43062C2544AA92004BDC4F /* LazyLoadingUIImageView.h */,
				5B43062D2544AA92004BDC4F /* LazyLoadingUIImageView.m */,
				5BEC89B3254690380090CAE8 /* NSString+CheckNull.h */,
				5BEC89B4254690380090CAE8 /* NSString+CheckNull.m */,
			);
			path = "Helper Classs";
			sourceTree = "<group>";
		};
		5B43063E254656A4004BDC4F /* First View */ = {
			isa = PBXGroup;
			children = (
				5BDDC29C25426A910005C9C6 /* ViewController.h */,
				5BDDC29D25426A910005C9C6 /* ViewController.m */,
			);
			path = "First View";
			sourceTree = "<group>";
		};
		5B43063F254656B2004BDC4F /* Detail View */ = {
			isa = PBXGroup;
			children = (
				5B430633254655AD004BDC4F /* DetailsViewController.h */,
				5B430634254655AD004BDC4F /* DetailsViewController.m */,
			);
			path = "Detail View";
			sourceTree = "<group>";
		};
		5BDDC28A25426A910005C9C6 = {
			isa = PBXGroup;
			children = (
				5BDDC29525426A910005C9C6 /* PersonalCapitalChallenge */,
				5BDDC2B125426A940005C9C6 /* PersonalCapitalChallengeTests */,
				5BDDC29425426A910005C9C6 /* Products */,
			);
			sourceTree = "<group>";
		};
		5BDDC29425426A910005C9C6 /* Products */ = {
			isa = PBXGroup;
			children = (
				5BDDC29325426A910005C9C6 /* PersonalCapitalChallenge.app */,
				5BDDC2AE25426A940005C9C6 /* PersonalCapitalChallengeTests.xctest */,
			);
			name = Products;
			sourceTree = "<group>";
		};
		5BDDC29525426A910005C9C6 /* PersonalCapitalChallenge */ = {
			isa = PBXGroup;
			children = (
				5B43063D25465660004BDC4F /* Helper Classs */,
				5B43063B2546563B004BDC4F /* Custom Class */,
				5B43063A25465618004BDC4F /* App Delegate */,
				5B430639254655EE004BDC4F /* Controllers */,
				5BDDC2C4254274FA0005C9C6 /* Model Classes */,
				5BDDC2BD25426B3C0005C9C6 /* placeholder.png */,
				5BDDC2A225426A940005C9C6 /* Assets.xcassets */,
				5BDDC2A425426A940005C9C6 /* LaunchScreen.storyboard */,
				5BDDC2A725426A940005C9C6 /* Info.plist */,
				5BDDC2A825426A940005C9C6 /* main.m */,
			);
			path = PersonalCapitalChallenge;
			sourceTree = "<group>";
		};
		5BDDC2B125426A940005C9C6 /* PersonalCapitalChallengeTests */ = {
			isa = PBXGroup;
			children = (
				5BDDC2B225426A940005C9C6 /* PersonalCapitalChallengeTests.m */,
				5BDDC2B425426A940005C9C6 /* Info.plist */,
			);
			path = PersonalCapitalChallengeTests;
			sourceTree = "<group>";
		};
		5BDDC2C2254274840005C9C6 /* Feed Model */ = {
			isa = PBXGroup;
			children = (
				5BDDC2BF25426EC00005C9C6 /* FeedModel.h */,
				5BDDC2C025426EC00005C9C6 /* FeedModel.m */,
			);
			path = "Feed Model";
			sourceTree = "<group>";
		};
		5BDDC2C4254274FA0005C9C6 /* Model Classes */ = {
			isa = PBXGroup;
			children = (
				5BDDC2C5254275E70005C9C6 /* Item Model */,
				5BDDC2C2254274840005C9C6 /* Feed Model */,
			);
			path = "Model Classes";
			sourceTree = "<group>";
		};
		5BDDC2C5254275E70005C9C6 /* Item Model */ = {
			isa = PBXGroup;
			children = (
				5BDDC2C62542761D0005C9C6 /* ItemModel.h */,
				5BDDC2C72542761D0005C9C6 /* ItemModel.m */,
			);
			path = "Item Model";
			sourceTree = "<group>";
		};
/* End PBXGroup section */

/* Begin PBXNativeTarget section */
		5BDDC29225426A910005C9C6 /* PersonalCapitalChallenge */ = {
			isa = PBXNativeTarget;
			buildConfigurationList = 5BDDC2B725426A940005C9C6 /* Build configuration list for PBXNativeTarget "PersonalCapitalChallenge" */;
			buildPhases = (
				5BDDC28F25426A910005C9C6 /* Sources */,
				5BDDC29025426A910005C9C6 /* Frameworks */,
				5BDDC29125426A910005C9C6 /* Resources */,
			);
			buildRules = (
			);
			dependencies = (
			);
			name = PersonalCapitalChallenge;
			productName = PersonalCapitalChallenge;
			productReference = 5BDDC29325426A910005C9C6 /* PersonalCapitalChallenge.app */;
			productType = "com.apple.product-type.application";
		};
		5BDDC2AD25426A940005C9C6 /* PersonalCapitalChallengeTests */ = {
			isa = PBXNativeTarget;
			buildConfigurationList = 5BDDC2BA25426A940005C9C6 /* Build configuration list for PBXNativeTarget "PersonalCapitalChallengeTests" */;
			buildPhases = (
				5BDDC2AA25426A940005C9C6 /* Sources */,
				5BDDC2AB25426A940005C9C6 /* Frameworks */,
				5BDDC2AC25426A940005C9C6 /* Resources */,
			);
			buildRules = (
			);
			dependencies = (
				5BDDC2B025426A940005C9C6 /* PBXTargetDependency */,
			);
			name = PersonalCapitalChallengeTests;
			productName = PersonalCapitalChallengeTests;
			productReference = 5BDDC2AE25426A940005C9C6 /* PersonalCapitalChallengeTests.xctest */;
			productType = "com.apple.product-type.bundle.unit-test";
		};
/* End PBXNativeTarget section */

/* Begin PBXProject section */
		5BDDC28B25426A910005C9C6 /* Project object */ = {
			isa = PBXProject;
			attributes = {
				LastUpgradeCheck = 1120;
				ORGANIZATIONNAME = "Velicharla, Nagaraja";
				TargetAttributes = {
					5BDDC29225426A910005C9C6 = {
						CreatedOnToolsVersion = 11.2.1;
					};
					5BDDC2AD25426A940005C9C6 = {
						CreatedOnToolsVersion = 11.2.1;
						TestTargetID = 5BDDC29225426A910005C9C6;
					};
				};
			};
			buildConfigurationList = 5BDDC28E25426A910005C9C6 /* Build configuration list for PBXProject "PersonalCapitalChallenge" */;
			compatibilityVersion = "Xcode 9.3";
			developmentRegion = en;
			hasScannedForEncodings = 0;
			knownRegions = (
				en,
				Base,
			);
			mainGroup = 5BDDC28A25426A910005C9C6;
			productRefGroup = 5BDDC29425426A910005C9C6 /* Products */;
			projectDirPath = "";
			projectRoot = "";
			targets = (
				5BDDC29225426A910005C9C6 /* PersonalCapitalChallenge */,
				5BDDC2AD25426A940005C9C6 /* PersonalCapitalChallengeTests */,
			);
		};
/* End PBXProject section */

/* Begin PBXResourcesBuildPhase section */
		5BDDC29125426A910005C9C6 /* Resources */ = {
			isa = PBXResourcesBuildPhase;
			buildActionMask = 2147483647;
			files = (
				5BDDC2A625426A940005C9C6 /* LaunchScreen.storyboard in Resources */,
				5BDDC2BE25426B3C0005C9C6 /* placeholder.png in Resources */,
				5BDDC2A325426A940005C9C6 /* Assets.xcassets in Resources */,
			);
			runOnlyForDeploymentPostprocessing = 0;
		};
		5BDDC2AC25426A940005C9C6 /* Resources */ = {
			isa = PBXResourcesBuildPhase;
			buildActionMask = 2147483647;
			files = (
			);
			runOnlyForDeploymentPostprocessing = 0;
		};
/* End PBXResourcesBuildPhase section */

/* Begin PBXSourcesBuildPhase section */
		5BDDC28F25426A910005C9C6 /* Sources */ = {
			isa = PBXSourcesBuildPhase;
			buildActionMask = 2147483647;
			files = (
				5BDDC2C82542761D0005C9C6 /* ItemModel.m in Sources */,
				5BDDC29E25426A910005C9C6 /* ViewController.m in Sources */,
				5BDDC2C125426EC00005C9C6 /* FeedModel.m in Sources */,
				5BDDC29825426A910005C9C6 /* AppDelegate.m in Sources */,
				5BDDC2A925426A940005C9C6 /* main.m in Sources */,
				5BEC89B5254690380090CAE8 /* NSString+CheckNull.m in Sources */,
				5B43062E2544AA92004BDC4F /* LazyLoadingUIImageView.m in Sources */,
				5B430635254655AD004BDC4F /* DetailsViewController.m in Sources */,
				5B43062B2544996C004BDC4F /* FeedCustomCollectionViewCell.m in Sources */,
				5BDDC29B25426A910005C9C6 /* SceneDelegate.m in Sources */,
			);
			runOnlyForDeploymentPostprocessing = 0;
		};
		5BDDC2AA25426A940005C9C6 /* Sources */ = {
			isa = PBXSourcesBuildPhase;
			buildActionMask = 2147483647;
			files = (
				5BDDC2B325426A940005C9C6 /* PersonalCapitalChallengeTests.m in Sources */,
			);
			runOnlyForDeploymentPostprocessing = 0;
		};
/* End PBXSourcesBuildPhase section */

/* Begin PBXTargetDependency section */
		5BDDC2B025426A940005C9C6 /* PBXTargetDependency */ = {
			isa = PBXTargetDependency;
			target = 5BDDC29225426A910005C9C6 /* PersonalCapitalChallenge */;
			targetProxy = 5BDDC2AF25426A940005C9C6 /* PBXContainerItemProxy */;
		};
/* End PBXTargetDependency section */

/* Begin PBXVariantGroup section */
		5BDDC2A425426A940005C9C6 /* LaunchScreen.storyboard */ = {
			isa = PBXVariantGroup;
			children = (
				5BDDC2A525426A940005C9C6 /* Base */,
			);
			name = LaunchScreen.storyboard;
			sourceTree = "<group>";
		};
/* End PBXVariantGroup section */

/* Begin XCBuildConfiguration section */
		5BDDC2B525426A940005C9C6 /* Debug */ = {
			isa = XCBuildConfiguration;
			buildSettings = {
				ALWAYS_SEARCH_USER_PATHS = NO;
				CLANG_ANALYZER_NONNULL = YES;
				CLANG_ANALYZER_NUMBER_OBJECT_CONVERSION = YES_AGGRESSIVE;
				CLANG_CXX_LANGUAGE_STANDARD = "gnu++14";
				CLANG_CXX_LIBRARY = "libc++";
				CLANG_ENABLE_MODULES = YES;
				CLANG_ENABLE_OBJC_ARC = YES;
				CLANG_ENABLE_OBJC_WEAK = YES;
				CLANG_WARN_BLOCK_CAPTURE_AUTORELEASING = YES;
				CLANG_WARN_BOOL_CONVERSION = YES;
				CLANG_WARN_COMMA = YES;
				CLANG_WARN_CONSTANT_CONVERSION = YES;
				CLANG_WARN_DEPRECATED_OBJC_IMPLEMENTATIONS = YES;
				CLANG_WARN_DIRECT_OBJC_ISA_USAGE = YES_ERROR;
				CLANG_WARN_DOCUMENTATION_COMMENTS = YES;
				CLANG_WARN_EMPTY_BODY = YES;
				CLANG_WARN_ENUM_CONVERSION = YES;
				CLANG_WARN_INFINITE_RECURSION = YES;
				CLANG_WARN_INT_CONVERSION = YES;
				CLANG_WARN_NON_LITERAL_NULL_CONVERSION = YES;
				CLANG_WARN_OBJC_IMPLICIT_RETAIN_SELF = YES;
				CLANG_WARN_OBJC_LITERAL_CONVERSION = YES;
				CLANG_WARN_OBJC_ROOT_CLASS = YES_ERROR;
				CLANG_WARN_RANGE_LOOP_ANALYSIS = YES;
				CLANG_WARN_STRICT_PROTOTYPES = YES;
				CLANG_WARN_SUSPICIOUS_MOVE = YES;
				CLANG_WARN_UNGUARDED_AVAILABILITY = YES_AGGRESSIVE;
				CLANG_WARN_UNREACHABLE_CODE = YES;
				CLANG_WARN__DUPLICATE_METHOD_MATCH = YES;
				COPY_PHASE_STRIP = NO;
				DEBUG_INFORMATION_FORMAT = dwarf;
				ENABLE_STRICT_OBJC_MSGSEND = YES;
				ENABLE_TESTABILITY = YES;
				GCC_C_LANGUAGE_STANDARD = gnu11;
				GCC_DYNAMIC_NO_PIC = NO;
				GCC_NO_COMMON_BLOCKS = YES;
				GCC_OPTIMIZATION_LEVEL = 0;
				GCC_PREPROCESSOR_DEFINITIONS = (
					"DEBUG=1",
					"$(inherited)",
				);
				GCC_WARN_64_TO_32_BIT_CONVERSION = YES;
				GCC_WARN_ABOUT_RETURN_TYPE = YES_ERROR;
				GCC_WARN_UNDECLARED_SELECTOR = YES;
				GCC_WARN_UNINITIALIZED_AUTOS = YES_AGGRESSIVE;
				GCC_WARN_UNUSED_FUNCTION = YES;
				GCC_WARN_UNUSED_VARIABLE = YES;
				IPHONEOS_DEPLOYMENT_TARGET = 13.2;
				MTL_ENABLE_DEBUG_INFO = INCLUDE_SOURCE;
				MTL_FAST_MATH = YES;
				ONLY_ACTIVE_ARCH = YES;
				SDKROOT = iphoneos;
			};
			name = Debug;
		};
		5BDDC2B625426A940005C9C6 /* Release */ = {
			isa = XCBuildConfiguration;
			buildSettings = {
				ALWAYS_SEARCH_USER_PATHS = NO;
				CLANG_ANALYZER_NONNULL = YES;
				CLANG_ANALYZER_NUMBER_OBJECT_CONVERSION = YES_AGGRESSIVE;
				CLANG_CXX_LANGUAGE_STANDARD = "gnu++14";
				CLANG_CXX_LIBRARY = "libc++";
				CLANG_ENABLE_MODULES = YES;
				CLANG_ENABLE_OBJC_ARC = YES;
				CLANG_ENABLE_OBJC_WEAK = YES;
				CLANG_WARN_BLOCK_CAPTURE_AUTORELEASING = YES;
				CLANG_WARN_BOOL_CONVERSION = YES;
				CLANG_WARN_COMMA = YES;
				CLANG_WARN_CONSTANT_CONVERSION = YES;
				CLANG_WARN_DEPRECATED_OBJC_IMPLEMENTATIONS = YES;
				CLANG_WARN_DIRECT_OBJC_ISA_USAGE = YES_ERROR;
				CLANG_WARN_DOCUMENTATION_COMMENTS = YES;
				CLANG_WARN_EMPTY_BODY = YES;
				CLANG_WARN_ENUM_CONVERSION = YES;
				CLANG_WARN_INFINITE_RECURSION = YES;
				CLANG_WARN_INT_CONVERSION = YES;
				CLANG_WARN_NON_LITERAL_NULL_CONVERSION = YES;
				CLANG_WARN_OBJC_IMPLICIT_RETAIN_SELF = YES;
				CLANG_WARN_OBJC_LITERAL_CONVERSION = YES;
				CLANG_WARN_OBJC_ROOT_CLASS = YES_ERROR;
				CLANG_WARN_RANGE_LOOP_ANALYSIS = YES;
				CLANG_WARN_STRICT_PROTOTYPES = YES;
				CLANG_WARN_SUSPICIOUS_MOVE = YES;
				CLANG_WARN_UNGUARDED_AVAILABILITY = YES_AGGRESSIVE;
				CLANG_WARN_UNREACHABLE_CODE = YES;
				CLANG_WARN__DUPLICATE_METHOD_MATCH = YES;
				COPY_PHASE_STRIP = NO;
				DEBUG_INFORMATION_FORMAT = "dwarf-with-dsym";
				ENABLE_NS_ASSERTIONS = NO;
				ENABLE_STRICT_OBJC_MSGSEND = YES;
				GCC_C_LANGUAGE_STANDARD = gnu11;
				GCC_NO_COMMON_BLOCKS = YES;
				GCC_WARN_64_TO_32_BIT_CONVERSION = YES;
				GCC_WARN_ABOUT_RETURN_TYPE = YES_ERROR;
				GCC_WARN_UNDECLARED_SELECTOR = YES;
				GCC_WARN_UNINITIALIZED_AUTOS = YES_AGGRESSIVE;
				GCC_WARN_UNUSED_FUNCTION = YES;
				GCC_WARN_UNUSED_VARIABLE = YES;
				IPHONEOS_DEPLOYMENT_TARGET = 13.2;
				MTL_ENABLE_DEBUG_INFO = NO;
				MTL_FAST_MATH = YES;
				SDKROOT = iphoneos;
				VALIDATE_PRODUCT = YES;
			};
			name = Release;
		};
		5BDDC2B825426A940005C9C6 /* Debug */ = {
			isa = XCBuildConfiguration;
			buildSettings = {
				ASSETCATALOG_COMPILER_APPICON_NAME = AppIcon;
				CODE_SIGN_STYLE = Automatic;
				INFOPLIST_FILE = PersonalCapitalChallenge/Info.plist;
				LD_RUNPATH_SEARCH_PATHS = (
					"$(inherited)",
					"@executable_path/Frameworks",
				);
				PRODUCT_BUNDLE_IDENTIFIER = com.Personal.PersonalCapitalChallenge;
				PRODUCT_NAME = "$(TARGET_NAME)";
				TARGETED_DEVICE_FAMILY = "1,2";
			};
			name = Debug;
		};
		5BDDC2B925426A940005C9C6 /* Release */ = {
			isa = XCBuildConfiguration;
			buildSettings = {
				ASSETCATALOG_COMPILER_APPICON_NAME = AppIcon;
				CODE_SIGN_STYLE = Automatic;
				INFOPLIST_FILE = PersonalCapitalChallenge/Info.plist;
				LD_RUNPATH_SEARCH_PATHS = (
					"$(inherited)",
					"@executable_path/Frameworks",
				);
				PRODUCT_BUNDLE_IDENTIFIER = com.Personal.PersonalCapitalChallenge;
				PRODUCT_NAME = "$(TARGET_NAME)";
				TARGETED_DEVICE_FAMILY = "1,2";
			};
			name = Release;
		};
		5BDDC2BB25426A940005C9C6 /* Debug */ = {
			isa = XCBuildConfiguration;
			buildSettings = {
				BUNDLE_LOADER = "$(TEST_HOST)";
				CODE_SIGN_STYLE = Automatic;
				INFOPLIST_FILE = PersonalCapitalChallengeTests/Info.plist;
				IPHONEOS_DEPLOYMENT_TARGET = 13.2;
				LD_RUNPATH_SEARCH_PATHS = (
					"$(inherited)",
					"@executable_path/Frameworks",
					"@loader_path/Frameworks",
				);
				PRODUCT_BUNDLE_IDENTIFIER = com.Personal.PersonalCapitalChallengeTests;
				PRODUCT_NAME = "$(TARGET_NAME)";
				TARGETED_DEVICE_FAMILY = "1,2";
				TEST_HOST = "$(BUILT_PRODUCTS_DIR)/PersonalCapitalChallenge.app/PersonalCapitalChallenge";
			};
			name = Debug;
		};
		5BDDC2BC25426A940005C9C6 /* Release */ = {
			isa = XCBuildConfiguration;
			buildSettings = {
				BUNDLE_LOADER = "$(TEST_HOST)";
				CODE_SIGN_STYLE = Automatic;
				INFOPLIST_FILE = PersonalCapitalChallengeTests/Info.plist;
				IPHONEOS_DEPLOYMENT_TARGET = 13.2;
				LD_RUNPATH_SEARCH_PATHS = (
					"$(inherited)",
					"@executable_path/Frameworks",
					"@loader_path/Frameworks",
				);
				PRODUCT_BUNDLE_IDENTIFIER = com.Personal.PersonalCapitalChallengeTests;
				PRODUCT_NAME = "$(TARGET_NAME)";
				TARGETED_DEVICE_FAMILY = "1,2";
				TEST_HOST = "$(BUILT_PRODUCTS_DIR)/PersonalCapitalChallenge.app/PersonalCapitalChallenge";
			};
			name = Release;
		};
/* End XCBuildConfiguration section */

/* Begin XCConfigurationList section */
		5BDDC28E25426A910005C9C6 /* Build configuration list for PBXProject "PersonalCapitalChallenge" */ = {
			isa = XCConfigurationList;
			buildConfigurations = (
				5BDDC2B525426A940005C9C6 /* Debug */,
				5BDDC2B625426A940005C9C6 /* Release */,
			);
			defaultConfigurationIsVisible = 0;
			defaultConfigurationName = Release;
		};
		5BDDC2B725426A940005C9C6 /* Build configuration list for PBXNativeTarget "PersonalCapitalChallenge" */ = {
			isa = XCConfigurationList;
			buildConfigurations = (
				5BDDC2B825426A940005C9C6 /* Debug */,
				5BDDC2B925426A940005C9C6 /* Release */,
			);
			defaultConfigurationIsVisible = 0;
			defaultConfigurationName = Release;
		};
		5BDDC2BA25426A940005C9C6 /* Build configuration list for PBXNativeTarget "PersonalCapitalChallengeTests" */ = {
			isa = XCConfigurationList;
			buildConfigurations = (
				5BDDC2BB25426A940005C9C6 /* Debug */,
				5BDDC2BC25426A940005C9C6 /* Release */,
			);
			defaultConfigurationIsVisible = 0;
			defaultConfigurationName = Release;
		};
/* End XCConfigurationList section */
	};
	rootObject = 5BDDC28B25426A910005C9C6 /* Project object */;
}
